
Microsoft Visual Studio Solution File, Format Version 12.00
Project("{2150E333-8FDC-42A3-9474-1A3956D46DE8}") = "API", "API", "{EE356D24-8AB3-4294-AC3F-C69348625CC3}"
EndProject
Project("{2150E333-8FDC-42A3-9474-1A3956D46DE8}") = "BLL", "BLL", "{EC6BE5EA-D3A0-4DAB-961E-72FF1C0ABE00}"
EndProject
Project("{2150E333-8FDC-42A3-9474-1A3956D46DE8}") = "DLL", "DLL", "{22335925-3D37-4414-B695-DE9571389023}"
EndProject
Project("{FAE04EC0-301F-11D3-BF4B-00C04F79EFBC}") = "APIGateway", "APIGateway\APIGateway.csproj", "{E34B22A4-64B3-469B-AB48-0C2CD0984226}"
EndProject
Project("{FAE04EC0-301F-11D3-BF4B-00C04F79EFBC}") = "APIA", "APIA\APIA.csproj", "{8C2703F7-D9A5-49D4-8201-CF2E13DCBDBD}"
EndProject
Project("{FAE04EC0-301F-11D3-BF4B-00C04F79EFBC}") = "APIB", "APIB\APIB.csproj", "{5997BBFD-AE3C-4A2B-B118-079E20D45043}"
EndProject
Project("{FAE04EC0-301F-11D3-BF4B-00C04F79EFBC}") = "APIAuthServer", "APIAuthServer\APIAuthServer.csproj", "{333BBD8F-D3F6-4178-AC9E-4DE2E44DC0DA}"
EndProject
Project("{FAE04EC0-301F-11D3-BF4B-00C04F79EFBC}") = "Brac3rdPartyAPI", "src\Brac3rdPartyAPI\Brac3rdPartyAPI.csproj", "{64330F45-1030-4EBD-AF62-7B9DE0A6F0BA}"
EndProject
Global
	GlobalSection(SolutionConfigurationPlatforms) = preSolution
		Debug|Any CPU = Debug|Any CPU
		Release|Any CPU = Release|Any CPU
	EndGlobalSection
	GlobalSection(NestedProjects) = preSolution
		{E34B22A4-64B3-469B-AB48-0C2CD0984226} = {EE356D24-8AB3-4294-AC3F-C69348625CC3}
		{8C2703F7-D9A5-49D4-8201-CF2E13DCBDBD} = {EE356D24-8AB3-4294-AC3F-C69348625CC3}
		{5997BBFD-AE3C-4A2B-B118-079E20D45043} = {EE356D24-8AB3-4294-AC3F-C69348625CC3}
		{333BBD8F-D3F6-4178-AC9E-4DE2E44DC0DA} = {EE356D24-8AB3-4294-AC3F-C69348625CC3}
		{64330F45-1030-4EBD-AF62-7B9DE0A6F0BA} = {EE356D24-8AB3-4294-AC3F-C69348625CC3}
	EndGlobalSection
	GlobalSection(ProjectConfigurationPlatforms) = postSolution
		{E34B22A4-64B3-469B-AB48-0C2CD0984226}.Debug|Any CPU.ActiveCfg = Debug|Any CPU
		{E34B22A4-64B3-469B-AB48-0C2CD0984226}.Debug|Any CPU.Build.0 = Debug|Any CPU
		{E34B22A4-64B3-469B-AB48-0C2CD0984226}.Release|Any CPU.ActiveCfg = Release|Any CPU
		{E34B22A4-64B3-469B-AB48-0C2CD0984226}.Release|Any CPU.Build.0 = Release|Any CPU
		{8C2703F7-D9A5-49D4-8201-CF2E13DCBDBD}.Debug|Any CPU.ActiveCfg = Debug|Any CPU
		{8C2703F7-D9A5-49D4-8201-CF2E13DCBDBD}.Debug|Any CPU.Build.0 = Debug|Any CPU
		{8C2703F7-D9A5-49D4-8201-CF2E13DCBDBD}.Release|Any CPU.ActiveCfg = Release|Any CPU
		{8C2703F7-D9A5-49D4-8201-CF2E13DCBDBD}.Release|Any CPU.Build.0 = Release|Any CPU
		{5997BBFD-AE3C-4A2B-B118-079E20D45043}.Debug|Any CPU.ActiveCfg = Debug|Any CPU
		{5997BBFD-AE3C-4A2B-B118-079E20D45043}.Debug|Any CPU.Build.0 = Debug|Any CPU
		{5997BBFD-AE3C-4A2B-B118-079E20D45043}.Release|Any CPU.ActiveCfg = Release|Any CPU
		{5997BBFD-AE3C-4A2B-B118-079E20D45043}.Release|Any CPU.Build.0 = Release|Any CPU
		{333BBD8F-D3F6-4178-AC9E-4DE2E44DC0DA}.Debug|Any CPU.ActiveCfg = Debug|Any CPU
		{333BBD8F-D3F6-4178-AC9E-4DE2E44DC0DA}.Debug|Any CPU.Build.0 = Debug|Any CPU
		{333BBD8F-D3F6-4178-AC9E-4DE2E44DC0DA}.Release|Any CPU.ActiveCfg = Release|Any CPU
		{333BBD8F-D3F6-4178-AC9E-4DE2E44DC0DA}.Release|Any CPU.Build.0 = Release|Any CPU
		{64330F45-1030-4EBD-AF62-7B9DE0A6F0BA}.Debug|Any CPU.ActiveCfg = Debug|Any CPU
		{64330F45-1030-4EBD-AF62-7B9DE0A6F0BA}.Debug|Any CPU.Build.0 = Debug|Any CPU
		{64330F45-1030-4EBD-AF62-7B9DE0A6F0BA}.Release|Any CPU.ActiveCfg = Release|Any CPU
		{64330F45-1030-4EBD-AF62-7B9DE0A6F0BA}.Release|Any CPU.Build.0 = Release|Any CPU
	EndGlobalSection
EndGlobal
