
Microsoft Visual Studio Solution File, Format Version 12.00
Project("{2150E333-8FDC-42A3-9474-1A3956D46DE8}") = "API", "API", "{EE356D24-8AB3-4294-AC3F-C69348625CC3}"
EndProject
Project("{2150E333-8FDC-42A3-9474-1A3956D46DE8}") = "BLL", "BLL", "{EC6BE5EA-D3A0-4DAB-961E-72FF1C0ABE00}"
EndProject
Project("{2150E333-8FDC-42A3-9474-1A3956D46DE8}") = "DLL", "DLL", "{22335925-3D37-4414-B695-DE9571389023}"
EndProject
Project("{FAE04EC0-301F-11D3-BF4B-00C04F79EFBC}") = "ProfileAPI", "src\ProfileAPI\ProfileAPI.csproj", "{FE87B094-DE52-4CD9-843F-55FBF6D8EE5D}"
EndProject
Global
	GlobalSection(SolutionConfigurationPlatforms) = preSolution
		Debug|Any CPU = Debug|Any CPU
		Release|Any CPU = Release|Any CPU
	EndGlobalSection
	GlobalSection(NestedProjects) = preSolution
		{FE87B094-DE52-4CD9-843F-55FBF6D8EE5D} = {EE356D24-8AB3-4294-AC3F-C69348625CC3}
	EndGlobalSection
	GlobalSection(ProjectConfigurationPlatforms) = postSolution
		{FE87B094-DE52-4CD9-843F-55FBF6D8EE5D}.Debug|Any CPU.ActiveCfg = Debug|Any CPU
		{FE87B094-DE52-4CD9-843F-55FBF6D8EE5D}.Debug|Any CPU.Build.0 = Debug|Any CPU
		{FE87B094-DE52-4CD9-843F-55FBF6D8EE5D}.Release|Any CPU.ActiveCfg = Release|Any CPU
		{FE87B094-DE52-4CD9-843F-55FBF6D8EE5D}.Release|Any CPU.Build.0 = Release|Any CPU
	EndGlobalSection
EndGlobal
